{
  "meteor": {},
  "dependencies": {
    "basePackages": {
      "fast-render": {}
    },
    "packages": {
      "fast-render": {
        "git": "https://github.com/arunoda/meteor-fast-render.git",
        "tag": "v0.2.8",
        "commit": "149984b1aff3a5642a270aff9bd9006872c8302e"
      }
    }
  }
}
